{
  "pins" : [
    {
      "identity" : "lottie-ios",
      "kind" : "remoteSourceControl",
      "location" : "https://github.com/airbnb/lottie-ios.git",
      "state" : {
        "branch" : "master",
        "revision" : "d45521f9b7cc7a967515da267338be49c4552374"
      }
    }
  ],
  "version" : 2
}
